
Microsoft Visual Studio Solution File, Format Version 12.00
# Visual Studio Version 16
VisualStudioVersion = 16.0.31624.102
MinimumVisualStudioVersion = 10.0.40219.1
Project("{8BC9CEB8-8B4A-11D0-8D11-00A0C91BC942}") = "Lab5Exercise2", "Lab5Exercise2.vcxproj", "{C0D0389F-36E2-41C8-BC1C-9D1CD68F9675}"
EndProject
Global
	GlobalSection(SolutionConfigurationPlatforms) = preSolution
		Debug|x64 = Debug|x64
		Debug|x86 = Debug|x86
		Release|x64 = Release|x64
		Release|x86 = Release|x86
	EndGlobalSection
	GlobalSection(ProjectConfigurationPlatforms) = postSolution
		{C0D0389F-36E2-41C8-BC1C-9D1CD68F9675}.Debug|x64.ActiveCfg = Debug|x64
		{C0D0389F-36E2-41C8-BC1C-9D1CD68F9675}.Debug|x64.Build.0 = Debug|x64
		{C0D0389F-36E2-41C8-BC1C-9D1CD68F9675}.Debug|x86.ActiveCfg = Debug|Win32
		{C0D0389F-36E2-41C8-BC1C-9D1CD68F9675}.Debug|x86.Build.0 = Debug|Win32
		{C0D0389F-36E2-41C8-BC1C-9D1CD68F9675}.Release|x64.ActiveCfg = Release|x64
		{C0D0389F-36E2-41C8-BC1C-9D1CD68F9675}.Release|x64.Build.0 = Release|x64
		{C0D0389F-36E2-41C8-BC1C-9D1CD68F9675}.Release|x86.ActiveCfg = Release|Win32
		{C0D0389F-36E2-41C8-BC1C-9D1CD68F9675}.Release|x86.Build.0 = Release|Win32
	EndGlobalSection
	GlobalSection(SolutionProperties) = preSolution
		HideSolutionNode = FALSE
	EndGlobalSection
	GlobalSection(ExtensibilityGlobals) = postSolution
		SolutionGuid = {AE6EEA6D-6EE3-4527-8B39-ABC67BCC1666}
	EndGlobalSection
EndGlobal
